
Microsoft Visual Studio Solution File, Format Version 12.00
# Visual Studio Version 16
VisualStudioVersion = 16.0.35425.106
MinimumVisualStudioVersion = 10.0.40219.1
Project("{8BC9CEB8-8B4A-11D0-8D11-00A0C91BC942}") = "PhysX1.3Tut", "PhysX1.3Tut.vcxproj", "{5DC8DE6E-EF5E-412E-8348-AF43E3C1E028}"
EndProject
Global
	GlobalSection(SolutionConfigurationPlatforms) = preSolution
		Debug|x64 = Debug|x64
		Debug|x86 = Debug|x86
		Release|x64 = Release|x64
		Release|x86 = Release|x86
	EndGlobalSection
	GlobalSection(ProjectConfigurationPlatforms) = postSolution
		{5DC8DE6E-EF5E-412E-8348-AF43E3C1E028}.Debug|x64.ActiveCfg = Debug|x64
		{5DC8DE6E-EF5E-412E-8348-AF43E3C1E028}.Debug|x64.Build.0 = Debug|x64
		{5DC8DE6E-EF5E-412E-8348-AF43E3C1E028}.Debug|x86.ActiveCfg = Debug|Win32
		{5DC8DE6E-EF5E-412E-8348-AF43E3C1E028}.Debug|x86.Build.0 = Debug|Win32
		{5DC8DE6E-EF5E-412E-8348-AF43E3C1E028}.Release|x64.ActiveCfg = Release|x64
		{5DC8DE6E-EF5E-412E-8348-AF43E3C1E028}.Release|x64.Build.0 = Release|x64
		{5DC8DE6E-EF5E-412E-8348-AF43E3C1E028}.Release|x86.ActiveCfg = Release|Win32
		{5DC8DE6E-EF5E-412E-8348-AF43E3C1E028}.Release|x86.Build.0 = Release|Win32
	EndGlobalSection
	GlobalSection(SolutionProperties) = preSolution
		HideSolutionNode = FALSE
	EndGlobalSection
	GlobalSection(ExtensibilityGlobals) = postSolution
		SolutionGuid = {BB48B1C0-D678-4D39-B76B-26261B797CD0}
	EndGlobalSection
EndGlobal
